schema: '2.0'
stages:
  load_data:
    cmd: python -m src.data_loading.load_data
    deps:
    - path: src/data_loading/load_data.py
      hash: md5
      md5: 959e40f85012548612245f2b83414703
      size: 1468
    outs:
    - path: data/raw/raw.csv
      hash: md5
      md5: e22b8f1ce23888c12253df1635d1c7fc
      size: 116187
  preprocess_data:
    cmd: python -m src.data_preprocessing.preprocess_data
    deps:
    - path: data/raw/raw.csv
      hash: md5
      md5: e22b8f1ce23888c12253df1635d1c7fc
      size: 116187
    - path: src/data_preprocessing/preprocess_data.py
      hash: md5
      md5: 727f22f9650a9dfb2b1a217912d46034
      size: 3993
    params:
      params.yaml:
        preprocess_data.random_seed: 42
        preprocess_data.test_size: 0.2
    outs:
    - path: artifacts/[features]_mean_imputer.joblib
      hash: md5
      md5: e9d24d745888f728362f525f582f6e05
      size: 1511
    - path: data/preprocessed/test_preprocessed.csv
      hash: md5
      md5: 139a61ff4099aa2cc6445b05bb7e8f11
      size: 26892
    - path: data/preprocessed/train_preprocessed.csv
      hash: md5
      md5: 9c6fe2eff196e5969b5e61d4779279c5
      size: 105866
  engineer_features:
    cmd: python -m src.feature_engineering.engineer_features
    deps:
    - path: data/preprocessed/test_preprocessed.csv
      hash: md5
      md5: 139a61ff4099aa2cc6445b05bb7e8f11
      size: 26892
    - path: data/preprocessed/train_preprocessed.csv
      hash: md5
      md5: 9c6fe2eff196e5969b5e61d4779279c5
      size: 105866
    - path: src/feature_engineering/engineer_features.py
      hash: md5
      md5: f8446b81a185b5c5d4b06fd60a3b9b9f
      size: 3052
    outs:
    - path: artifacts/[features]_scaler.joblib
      hash: md5
      md5: 2b9da05d8c95b7e79e34241a674e8b44
      size: 2135
    - path: data/processed/test_processed.csv
      hash: md5
      md5: 777d5758aa0f23715e70ea7d62d8da04
      size: 67185
    - path: data/processed/train_processed.csv
      hash: md5
      md5: 6095a5797450e05786d4ddc985fa9363
      size: 268379
  train:
    cmd: python -m src.model_training.train_model
    deps:
    - path: data/processed/train_processed.csv
      hash: md5
      md5: 6095a5797450e05786d4ddc985fa9363
      size: 268379
    - path: src/model_training/train_model.py
      hash: md5
      md5: d6ec0cf3a88169bab7b88e95f4be3a0a
      size: 6780
    params:
      params.yaml:
        train.batch_size: 16
        train.dropout_rate: 0.3
        train.epochs: 100
        train.hidden_layer_1_neurons: 64
        train.hidden_layer_2_neurons: 32
        train.learning_rate: 0.001
    outs:
    - path: artifacts/[target]_one_hot_encoder.joblib
      hash: md5
      md5: 9c68e41a114fdb0985121e8d89f055bc
      size: 617
    - path: metrics/training.json
      hash: md5
      md5: 03ac9494986bbedbcf177941d75b2efc
      size: 141
    - path: models/model.keras
      hash: md5
      md5: 984a5d7e03053be10c1227620f8e7e91
      size: 79417
  evaluate:
    cmd: python -m src.model_evaluation.evaluate_model
    deps:
    - path: artifacts/[target]_one_hot_encoder.joblib
      hash: md5
      md5: 9c68e41a114fdb0985121e8d89f055bc
      size: 617
    - path: data/processed/test_processed.csv
      hash: md5
      md5: 777d5758aa0f23715e70ea7d62d8da04
      size: 67185
    - path: models/model.keras
      hash: md5
      md5: 984a5d7e03053be10c1227620f8e7e91
      size: 79417
    - path: src/model_evaluation/evaluate_model.py
      hash: md5
      md5: 6cb975f441fe3cfa747f29894655028a
      size: 3259
    outs:
    - path: metrics/evaluation.json
      hash: md5
      md5: 3dc05415731a6fd217a9b41e2e68f831
      size: 794
