schema: '2.0'
stages:
  load_data:
    cmd: python -m src.data_loading.load_data
    deps:
    - path: src/data_loading/load_data.py
      hash: md5
      md5: 959e40f85012548612245f2b83414703
      size: 1468
    outs:
    - path: data/raw/raw.csv
      hash: md5
      md5: 0cac6b1f49bf1a0af913d849463f6f5a
      size: 116187
  preprocess_data:
    cmd: python -m src.data_preprocessing.preprocess_data
    deps:
    - path: data/raw/raw.csv
      hash: md5
      md5: 0cac6b1f49bf1a0af913d849463f6f5a
      size: 116187
    - path: src/data_preprocessing/preprocess_data.py
      hash: md5
      md5: 727f22f9650a9dfb2b1a217912d46034
      size: 3993
    params:
      params.yaml:
        preprocess_data.random_seed: 42
        preprocess_data.test_size: 0.2
    outs:
    - path: artifacts/[features]_mean_imputer.joblib
      hash: md5
      md5: 821e6165a07e00364df81a0e452a8dda
      size: 1511
    - path: data/preprocessed/test_preprocessed.csv
      hash: md5
      md5: f8b654e3a869e624176e4eb945c2500e
      size: 26714
    - path: data/preprocessed/train_preprocessed.csv
      hash: md5
      md5: 1edf29e0628dad84f34fd092728db646
      size: 106001
  engineer_features:
    cmd: python -m src.feature_engineering.engineer_features
    deps:
    - path: data/preprocessed/test_preprocessed.csv
      hash: md5
      md5: f8b654e3a869e624176e4eb945c2500e
      size: 26714
    - path: data/preprocessed/train_preprocessed.csv
      hash: md5
      md5: 1edf29e0628dad84f34fd092728db646
      size: 106001
    - path: src/feature_engineering/engineer_features.py
      hash: md5
      md5: f8446b81a185b5c5d4b06fd60a3b9b9f
      size: 3052
    outs:
    - path: artifacts/[features]_scaler.joblib
      hash: md5
      md5: d5d5728300141e1f8f9467e50f0212c6
      size: 2135
    - path: data/processed/test_processed.csv
      hash: md5
      md5: 4e39d48a3ef624cdcb538f5613fabf01
      size: 67887
    - path: data/processed/train_processed.csv
      hash: md5
      md5: d6a94100c009717038a114197591f460
      size: 270028
  train:
    cmd: python -m src.model_training.train_model
    deps:
    - path: data/processed/train_processed.csv
      hash: md5
      md5: d6a94100c009717038a114197591f460
      size: 270028
    - path: src/model_training/train_model.py
      hash: md5
      md5: ff669905888b9bfa49053fb543b3df74
      size: 5999
    params:
      params.yaml:
        train.batch_size: 16
        train.dropout_rate: 0.3
        train.epochs: 100
        train.hidden_layer_1_neurons: 64
        train.hidden_layer_2_neurons: 32
        train.learning_rate: 0.001
    outs:
    - path: artifacts/[target]_one_hot_encoder.joblib
      hash: md5
      md5: 9c68e41a114fdb0985121e8d89f055bc
      size: 617
    - path: metrics/training.json
      hash: md5
      md5: 929507cfa728bc202fc8a0e26aa8da17
      size: 140
    - path: models/model.keras
      hash: md5
      md5: a931b175d33dbd57d53d7fc101f82336
      size: 79417
  evaluate:
    cmd: python -m src.model_evaluation.evaluate_model
    deps:
    - path: artifacts/[target]_one_hot_encoder.joblib
      hash: md5
      md5: 9c68e41a114fdb0985121e8d89f055bc
      size: 617
    - path: data/processed/test_processed.csv
      hash: md5
      md5: 4e39d48a3ef624cdcb538f5613fabf01
      size: 67887
    - path: models/model.keras
      hash: md5
      md5: a931b175d33dbd57d53d7fc101f82336
      size: 79417
    - path: src/model_evaluation/evaluate_model.py
      hash: md5
      md5: 6cb975f441fe3cfa747f29894655028a
      size: 3259
    outs:
    - path: metrics/evaluation.json
      hash: md5
      md5: ac301d5547aefe5da9680e1f2781fc2d
      size: 792
